{
  "name": "database",
  "lockfileVersion": 2,
  "requires": true,
  "packages": {
    "": {
      "name": "database",
      "license": "UNLICENSED",
      "dependencies": {
        "@prisma/client": "^3.15.0"
      },
      "devDependencies": {
        "prisma": "^3.15.0"
      }
    },
    "node_modules/@prisma/client": {
      "version": "3.15.0",
      "resolved": "https://registry.npmjs.org/@prisma/client/-/client-3.15.0.tgz",
      "integrity": "sha512-0bwpIXtE3qkkm8JV6kSHLPyEbEUQD+hFAO7NM5INr23vFBOoyKwKI1Q4V08A7jq3NdI7g2NlBuugCHE9//1ANw==",
      "hasInstallScript": true,
      "dependencies": {
        "@prisma/engines-version": "3.15.0-29.b9297dc3a59307060c1c39d7e4f5765066f38372"
      },
      "engines": {
        "node": ">=12.6"
      },
      "peerDependencies": {
        "prisma": "*"
      },
      "peerDependenciesMeta": {
        "prisma": {
          "optional": true
        }
      }
    },
    "node_modules/@prisma/engines": {
      "version": "3.15.0-29.b9297dc3a59307060c1c39d7e4f5765066f38372",
      "resolved": "https://registry.npmjs.org/@prisma/engines/-/engines-3.15.0-29.b9297dc3a59307060c1c39d7e4f5765066f38372.tgz",
      "integrity": "sha512-S5T0NuVF2+NoKoxY5bN6O/7avv4ifcjqqk5+JFZ6C4g+P7JMM3nY0wGBPI+46A8yGIDsyyFmvFTYiIDsEUwUeQ==",
      "devOptional": true,
      "hasInstallScript": true
    },
    "node_modules/@prisma/engines-version": {
      "version": "3.15.0-29.b9297dc3a59307060c1c39d7e4f5765066f38372",
      "resolved": "https://registry.npmjs.org/@prisma/engines-version/-/engines-version-3.15.0-29.b9297dc3a59307060c1c39d7e4f5765066f38372.tgz",
      "integrity": "sha512-VRj1Svti6h4UnUxEbIpio+40zppFztGKogVbkgblndbEQfmNdLh2M5bzDD6kaO+r8LBxHUBzUG/zEmlpxTvwoA=="
    },
    "node_modules/prisma": {
      "version": "3.15.0",
      "resolved": "https://registry.npmjs.org/prisma/-/prisma-3.15.0.tgz",
      "integrity": "sha512-HL1kGDuFi9PdhbVLYsQO9vAH9uRFAHk7ifUOQxSrzUDs7R4VfLtg45VvXz8VHwcgLY5h0OrDVe1TdEX7a4o9tg==",
      "devOptional": true,
      "hasInstallScript": true,
      "dependencies": {
        "@prisma/engines": "3.15.0-29.b9297dc3a59307060c1c39d7e4f5765066f38372"
      },
      "bin": {
        "prisma": "build/index.js",
        "prisma2": "build/index.js"
      },
      "engines": {
        "node": ">=12.6"
      }
    }
  },
  "dependencies": {
    "@prisma/client": {
      "version": "3.15.0",
      "resolved": "https://registry.npmjs.org/@prisma/client/-/client-3.15.0.tgz",
      "integrity": "sha512-0bwpIXtE3qkkm8JV6kSHLPyEbEUQD+hFAO7NM5INr23vFBOoyKwKI1Q4V08A7jq3NdI7g2NlBuugCHE9//1ANw==",
      "requires": {
        "@prisma/engines-version": "3.15.0-29.b9297dc3a59307060c1c39d7e4f5765066f38372"
      }
    },
    "@prisma/engines": {
      "version": "3.15.0-29.b9297dc3a59307060c1c39d7e4f5765066f38372",
      "resolved": "https://registry.npmjs.org/@prisma/engines/-/engines-3.15.0-29.b9297dc3a59307060c1c39d7e4f5765066f38372.tgz",
      "integrity": "sha512-S5T0NuVF2+NoKoxY5bN6O/7avv4ifcjqqk5+JFZ6C4g+P7JMM3nY0wGBPI+46A8yGIDsyyFmvFTYiIDsEUwUeQ==",
      "devOptional": true
    },
    "@prisma/engines-version": {
      "version": "3.15.0-29.b9297dc3a59307060c1c39d7e4f5765066f38372",
      "resolved": "https://registry.npmjs.org/@prisma/engines-version/-/engines-version-3.15.0-29.b9297dc3a59307060c1c39d7e4f5765066f38372.tgz",
      "integrity": "sha512-VRj1Svti6h4UnUxEbIpio+40zppFztGKogVbkgblndbEQfmNdLh2M5bzDD6kaO+r8LBxHUBzUG/zEmlpxTvwoA=="
    },
    "prisma": {
      "version": "3.15.0",
      "resolved": "https://registry.npmjs.org/prisma/-/prisma-3.15.0.tgz",
      "integrity": "sha512-HL1kGDuFi9PdhbVLYsQO9vAH9uRFAHk7ifUOQxSrzUDs7R4VfLtg45VvXz8VHwcgLY5h0OrDVe1TdEX7a4o9tg==",
      "devOptional": true,
      "requires": {
        "@prisma/engines": "3.15.0-29.b9297dc3a59307060c1c39d7e4f5765066f38372"
      }
    }
  }
}
